
Microsoft Visual Studio Solution File, Format Version 12.00
# Visual Studio Version 16
VisualStudioVersion = 16.0.31410.357
MinimumVisualStudioVersion = 10.0.40219.1
Project("{8BC9CEB8-8B4A-11D0-8D11-00A0C91BC942}") = "C++通讯录管理系统", "C++通讯录管理系统.vcxproj", "{836B818F-EAD3-4A39-AC58-1F24E4A5805B}"
EndProject
Global
	GlobalSection(SolutionConfigurationPlatforms) = preSolution
		Debug|x64 = Debug|x64
		Debug|x86 = Debug|x86
		Release|x64 = Release|x64
		Release|x86 = Release|x86
	EndGlobalSection
	GlobalSection(ProjectConfigurationPlatforms) = postSolution
		{836B818F-EAD3-4A39-AC58-1F24E4A5805B}.Debug|x64.ActiveCfg = Debug|x64
		{836B818F-EAD3-4A39-AC58-1F24E4A5805B}.Debug|x64.Build.0 = Debug|x64
		{836B818F-EAD3-4A39-AC58-1F24E4A5805B}.Debug|x86.ActiveCfg = Debug|Win32
		{836B818F-EAD3-4A39-AC58-1F24E4A5805B}.Debug|x86.Build.0 = Debug|Win32
		{836B818F-EAD3-4A39-AC58-1F24E4A5805B}.Release|x64.ActiveCfg = Release|x64
		{836B818F-EAD3-4A39-AC58-1F24E4A5805B}.Release|x64.Build.0 = Release|x64
		{836B818F-EAD3-4A39-AC58-1F24E4A5805B}.Release|x86.ActiveCfg = Release|Win32
		{836B818F-EAD3-4A39-AC58-1F24E4A5805B}.Release|x86.Build.0 = Release|Win32
	EndGlobalSection
	GlobalSection(SolutionProperties) = preSolution
		HideSolutionNode = FALSE
	EndGlobalSection
	GlobalSection(ExtensibilityGlobals) = postSolution
		SolutionGuid = {615BCF9E-FE03-4779-B33E-190FCC9388A2}
	EndGlobalSection
EndGlobal
